
Microsoft Visual Studio Solution File, Format Version 12.00
# Visual Studio Version 16
VisualStudioVersion = 16.0.29519.87
MinimumVisualStudioVersion = 10.0.40219.1
Project("{FAE04EC0-301F-11D3-BF4B-00C04F79EFBC}") = "AgendaBasica", "AgendaBasica\AgendaBasica.csproj", "{F4E269AE-A6E7-44AD-A43F-F976E04BDD36}"
EndProject
Global
	GlobalSection(SolutionConfigurationPlatforms) = preSolution
		Debug|Any CPU = Debug|Any CPU
		Release|Any CPU = Release|Any CPU
	EndGlobalSection
	GlobalSection(ProjectConfigurationPlatforms) = postSolution
		{F4E269AE-A6E7-44AD-A43F-F976E04BDD36}.Debug|Any CPU.ActiveCfg = Debug|Any CPU
		{F4E269AE-A6E7-44AD-A43F-F976E04BDD36}.Debug|Any CPU.Build.0 = Debug|Any CPU
		{F4E269AE-A6E7-44AD-A43F-F976E04BDD36}.Release|Any CPU.ActiveCfg = Release|Any CPU
		{F4E269AE-A6E7-44AD-A43F-F976E04BDD36}.Release|Any CPU.Build.0 = Release|Any CPU
	EndGlobalSection
	GlobalSection(SolutionProperties) = preSolution
		HideSolutionNode = FALSE
	EndGlobalSection
	GlobalSection(ExtensibilityGlobals) = postSolution
		SolutionGuid = {925EA442-0556-40DB-A48C-294E5C010FD7}
	EndGlobalSection
EndGlobal
